
{
  "name": "vue-cli",
  "requires": true,
  "lockfileVersion": 1,
  "dependencies": {
    "@sindresorhus/is": {
      "version": "0.7.0",
      "resolved": "https://registry.npmjs.org/@sindresorhus/is/-/is-0.7.0.tgz",
      "integrity": "sha512-ONhaKPIufzzrlNbqtWFFd+jlnemX6lJAgq9ZeiZtS7I1PIf/la7CW4m83rTXRnVnsMbW2k56pGYu7AUFJD9Pow=="
    },
    "abbrev": {
      "version": "1.1.1",
      "resolved": "https://registry.npmjs.org/abbrev/-/abbrev-1.1.1.tgz",
      "integrity": "sha512-nne9/IiQ/hzIhY6pdDnbBtz7DjPTKrY00P/zvPSm5pOFkl6xuGrGnXn/VtTNNfNtAfZ9/1RtehkszU9qcTii0Q==",
      "dev": true
    },
    "accepts": {
      "version": "1.3.5",
      "resolved": "https://registry.npmjs.org/accepts/-/accepts-1.3.5.tgz",
      "integrity": "sha1-63d99gEXI6OxTopywIBcjoZ0a9I=",
      "dev": true,
      "requires": {
        "mime-types": "~2.1.18",
        "negotiator": "0.6.1"
      }
    },
    "acorn": {
      "version": "3.3.0",
      "resolved": "https://registry.npmjs.org/acorn/-/acorn-3.3.0.tgz",
      "integrity": "sha1-ReN/s56No/JbruP/U2niu18iAXo=",
      "dev": true
    },
    "ajv": {
      "version": "4.11.8",
      "resolved": "https://registry.npmjs.org/ajv/-/ajv-4.11.8.tgz",
      "integrity": "sha1-gv+wKynmYq5TvcIK8VlHcGc5xTY=",
      "dev": true,
      "requires": {
        "co": "^4.6.0",
        "json-stable-stringify": "^1.0.1"
      }
    },
    "align-text": {
      "version": "0.1.4",
      "resolved": "https://registry.npmjs.org/align-text/-/align-text-0.1.4.tgz",
      "integrity": "sha1-DNkKVhCT810KmSVsIrcGlDP60Rc=",
      "dev": true,
      "requires": {
        "kind-of": "^3.0.2",
        "longest": "^1.0.1",
        "repeat-string": "^1.5.2"
      }
    },
    "alphanum-sort": {
      "version": "1.0.2",
      "resolved": "https://registry.npmjs.org/alphanum-sort/-/alphanum-sort-1.0.2.tgz",
      "integrity": "sha1-l6ERlkmyEa0zaR2fn0hqjsn74KM=",
      "dev": true
    },
    "ansi-regex": {
      "version": "2.1.1",
      "resolved": "https://registry.npmjs.org/ansi-regex/-/ansi-regex-2.1.1.tgz",
      "integrity": "sha1-w7M6te42DYbg5ijwRorn7yfWVN8=",
      "dev": true
    },
    "ansi-styles": {
      "version": "2.2.1",
      "resolved": "https://registry.npmjs.org/ansi-styles/-/ansi-styles-2.2.1.tgz",
      "integrity": "sha1-tDLdM1i2NM914eRmQ2gkBTPB3b4=",
      "dev": true
    },
    "anymatch": {
      "version": "2.0.0",
      "resolved": "https://registry.npmjs.org/anymatch/-/anymatch-2.0.0.tgz",
      "integrity": "sha512-5teOsQWABXHHBFP9y3skS5P3d/WfWXpv3FUpy+LorMrNYaT9pI4oLMQX7jzQ2KklNpGpWHzdCXTDT2Y3XGlZBw==",
      "dev": true,
      "requires": {
        "micromatch": "^3.1.4",
        "normalize-path": "^2.1.1"
      },
      "dependencies": {
        "normalize-path": {
          "version": "2.1.1",
          "resolved": "https://registry.npmjs.org/normalize-path/-/normalize-path-2.1.1.tgz",
          "integrity": "sha1-GrKLVW4Zg2Oowab35vogE3/mrtk=",
          "dev": true,
          "requires": {
            "remove-trailing-separator": "^1.0.1"
          }
        }
      }
    },
    "argparse": {
      "version": "1.0.10",
      "resolved": "https://registry.npmjs.org/argparse/-/argparse-1.0.10.tgz",
      "integrity": "sha512-o5Roy6tNG4SL/FOkCAN6RzjiakZS25RLYFrcMttJqbdd8BWrnA+fGz57iN5Pb06pvBGvl5gQ0B48dJlslXvoTg==",
      "dev": true,
      "requires": {
        "sprintf-js": "~1.0.2"
      }
    },
    "arr-diff": {
      "version": "4.0.0",
      "resolved": "https://registry.npmjs.org/arr-diff/-/arr-diff-4.0.0.tgz",
      "integrity": "sha1-1kYQdP6/7HHn4VI1dhoyml3HxSA=",
      "dev": true
    },
    "arr-flatten": {
      "version": "1.1.0",
      "resolved": "https://registry.npmjs.org/arr-flatten/-/arr-flatten-1.1.0.tgz",
      "integrity": "sha512-L3hKV5R/p5o81R7O02IGnwpDmkp6E982XhtbuwSe3O4qOtMMMtodicASA1Cny2U+aCXcNpml+m4dPsvsJ3jatg==",
      "dev": true
    },
    "arr-union": {
      "version": "3.1.0",
      "resolved": "https://registry.npmjs.org/arr-union/-/arr-union-3.1.0.tgz",
      "integrity": "sha1-45sJrqne+Gao8gbiiK9jkZuuOcQ=",
      "dev": true
    },
    "array-flatten": {
      "version": "1.1.1",
      "resolved": "https://registry.npmjs.org/array-flatten/-/array-flatten-1.1.1.tgz",
      "integrity": "sha1-ml9pkFGx5wczKPKgCJaLZOopVdI=",
      "dev": true
    },
    "array-unique": {
      "version": "0.3.2",
      "resolved": "https://registry.npmjs.org/array-unique/-/array-unique-0.3.2.tgz",
      "integrity": "sha1-qJS3XUvE9s1nnvMkSp/Y9Gri1Cg=",
      "dev": true
    },
    "asn1.js": {
      "version": "4.10.1",
      "resolved": "https://registry.npmjs.org/asn1.js/-/asn1.js-4.10.1.tgz",
      "integrity": "sha512-p32cOF5q0Zqs9uBiONKYLm6BClCoBCM5O9JfeUSlnQLBTxYdTK+pW+nXflm8UkKd2UYlEbYz5qEi0JuZR9ckSw==",
      "dev": true,
      "requires": {
        "bn.js": "^4.0.0",
        "inherits": "^2.0.1",
        "minimalistic-assert": "^1.0.0"
      }
    },
    "assert": {
      "version": "1.4.1",
      "resolved": "https://registry.npmjs.org/assert/-/assert-1.4.1.tgz",
      "integrity": "sha1-mZEtWRg2tab1s0XA8H7vwI/GXZE=",
      "dev": true,
      "requires": {
        "util": "0.10.3"
      },
      "dependencies": {
        "inherits": {
          "version": "2.0.1",
          "resolved": "https://registry.npmjs.org/inherits/-/inherits-2.0.1.tgz",
          "integrity": "sha1-sX0I0ya0Qj5Wjv9xn5GwscvfafE=",
          "dev": true
        },
        "util": {
          "version": "0.10.3",
          "resolved": "https://registry.npmjs.org/util/-/util-0.10.3.tgz",
          "integrity": "sha1-evsa/lCAUkZInj23/g7TeTNqwPk=",
          "dev": true,
          "requires": {
            "inherits": "2.0.1"
          }
        }
      }
    },
    "assign-symbols": {
      "version": "1.0.0",
      "resolved": "https://registry.npmjs.org/assign-symbols/-/assign-symbols-1.0.0.tgz",
      "integrity": "sha1-WWZ/QfrdTyDMvCu5a41Pf3jsA2c=",
      "dev": true
    },
    "async": {
      "version": "1.5.2",
      "resolved": "https://registry.npmjs.org/async/-/async-1.5.2.tgz",
      "integrity": "sha1-7GphrlZIDAw8skHJVhjiCJL5Zyo=",
      "dev": true
    },
    "async-each": {
      "version": "1.0.2",
      "resolved": "https://registry.npmjs.org/async-each/-/async-each-1.0.2.tgz",
      "integrity": "sha512-6xrbvN0MOBKSJDdonmSSz2OwFSgxRaVtBDes26mj9KIGtDo+g9xosFRSC+i1gQh2oAN/tQ62AI/pGZGQjVOiRg==",
      "dev": true
    },
    "atob": {
      "version": "2.1.2",
      "resolved": "https://registry.npmjs.org/atob/-/atob-2.1.2.tgz",
      "integrity": "sha512-Wm6ukoaOGJi/73p/cl2GvLjTI5JM1k/O14isD73YML8StrH/7/lRFgmg8nICZgD3bZZvjwCGxtMOD3wWNAu8cg==",
      "dev": true
    },
    "autoprefixer": {
      "version": "6.7.7",
      "resolved": "https://registry.npmjs.org/autoprefixer/-/autoprefixer-6.7.7.tgz",
      "integrity": "sha1-Hb0cg1ZY41zj+ZhAmdsAWFx4IBQ=",
      "dev": true,
      "requires": {
        "browserslist": "^1.7.6",
        "caniuse-db": "^1.0.30000634",
        "normalize-range": "^0.1.2",
        "num2fraction": "^1.2.2",
        "postcss": "^5.2.16",
        "postcss-value-parser": "^3.2.3"
      }
    },
    "babel-code-frame": {
      "version": "6.26.0",
      "resolved": "https://registry.npmjs.org/babel-code-frame/-/babel-code-frame-6.26.0.tgz",
      "integrity": "sha1-Y/1D99weO7fONZR9uP42mj9Yx0s=",
      "dev": true,
      "requires": {
        "chalk": "^1.1.3",
        "esutils": "^2.0.2",
        "js-tokens": "^3.0.2"
      }
    },
    "babel-core": {
      "version": "6.26.3",
      "resolved": "https://registry.npmjs.org/babel-core/-/babel-core-6.26.3.tgz",
      "integrity": "sha512-6jyFLuDmeidKmUEb3NM+/yawG0M2bDZ9Z1qbZP59cyHLz8kYGKYwpJP0UwUKKUiTRNvxfLesJnTedqczP7cTDA==",
      "dev": true,
      "requires": {
        "babel-code-frame": "^6.26.0",
        "babel-generator": "^6.26.0",
        "babel-helpers": "^6.24.1",
        "babel-messages": "^6.23.0",
        "babel-register": "^6.26.0",
        "babel-runtime": "^6.26.0",
        "babel-template": "^6.26.0",
        "babel-traverse": "^6.26.0",
        "babel-types": "^6.26.0",
        "babylon": "^6.18.0",
        "convert-source-map": "^1.5.1",
        "debug": "^2.6.9",
        "json5": "^0.5.1",
        "lodash": "^4.17.4",
        "minimatch": "^3.0.4",
        "path-is-absolute": "^1.0.1",
        "private": "^0.1.8",
        "slash": "^1.0.0",
        "source-map": "^0.5.7"
      }
    },
    "babel-generator": {
      "version": "6.26.1",
      "resolved": "https://registry.npmjs.org/babel-generator/-/babel-generator-6.26.1.tgz",
      "integrity": "sha512-HyfwY6ApZj7BYTcJURpM5tznulaBvyio7/0d4zFOeMPUmfxkCjHocCuoLa2SAGzBI8AREcH3eP3758F672DppA==",
      "dev": true,
      "requires": {
        "babel-messages": "^6.23.0",
        "babel-runtime": "^6.26.0",
        "babel-types": "^6.26.0",
        "detect-indent": "^4.0.0",
        "jsesc": "^1.3.0",
        "lodash": "^4.17.4",
        "source-map": "^0.5.7",
        "trim-right": "^1.0.1"
      }
    },
    "babel-helper-bindify-decorators": {
      "version": "6.24.1",
      "resolved": "https://registry.npmjs.org/babel-helper-bindify-decorators/-/babel-helper-bindify-decorators-6.24.1.tgz",
      "integrity": "sha1-FMGeXxQte0fxmlJDHlKxzLxAozA=",
      "dev": true,
      "requires": {
        "babel-runtime": "^6.22.0",
        "babel-traverse": "^6.24.1",
        "babel-types": "^6.24.1"
      }
    },
    "babel-helper-builder-binary-assignment-operator-visitor": {
      "version": "6.24.1",
      "resolved": "https://registry.npmjs.org/babel-helper-builder-binary-assignment-operator-visitor/-/babel-helper-builder-binary-assignment-operator-visitor-6.24.1.tgz",
      "integrity": "sha1-zORReto1b0IgvK6KAsKzRvmlZmQ=",
      "dev": true,
      "requires": {
        "babel-helper-explode-assignable-expression": "^6.24.1",
        "babel-runtime": "^6.22.0",
        "babel-types": "^6.24.1"
      }
    },
    "babel-helper-call-delegate": {
      "version": "6.24.1",
      "resolved": "https://registry.npmjs.org/babel-helper-call-delegate/-/babel-helper-call-delegate-6.24.1.tgz",
      "integrity": "sha1-7Oaqzdx25Bw0YfiL/Fdb0Nqi340=",
      "dev": true,
      "requires": {
        "babel-helper-hoist-variables": "^6.24.1",
        "babel-runtime": "^6.22.0",
        "babel-traverse": "^6.24.1",
        "babel-types": "^6.24.1"
      }
    },
    "babel-helper-define-map": {
      "version": "6.26.0",
      "resolved": "https://registry.npmjs.org/babel-helper-define-map/-/babel-helper-define-map-6.26.0.tgz",
      "integrity": "sha1-pfVtq0GiX5fstJjH66ypgZ+Vvl8=",
      "dev": true,
      "requires": {
        "babel-helper-function-name": "^6.24.1",
        "babel-runtime": "^6.26.0",
        "babel-types": "^6.26.0",
        "lodash": "^4.17.4"
      }
    },
    "babel-helper-explode-assignable-expression": {
      "version": "6.24.1",
      "resolved": "https://registry.npmjs.org/babel-helper-explode-assignable-expression/-/babel-helper-explode-assignable-expression-6.24.1.tgz",
      "integrity": "sha1-8luCz33BBDPFX3BZLVdGQArCLKo=",
      "dev": true,
      "requires": {
        "babel-runtime": "^6.22.0",
        "babel-traverse": "^6.24.1",
        "babel-types": "^6.24.1"
      }
    },
    "babel-helper-explode-class": {
      "version": "6.24.1",
      "resolved": "https://registry.npmjs.org/babel-helper-explode-class/-/babel-helper-explode-class-6.24.1.tgz",
      "integrity": "sha1-fcKjkQ3uAHBW4eMdZAztPVTqqes=",
      "dev": true,
      "requires": {
        "babel-helper-bindify-decorators": "^6.24.1",
        "babel-runtime": "^6.22.0",
        "babel-traverse": "^6.24.1",
        "babel-types": "^6.24.1"
      }
    },
    "babel-helper-function-name": {
      "version": "6.24.1",
      "resolved": "https://registry.npmjs.org/babel-helper-function-name/-/babel-helper-function-name-6.24.1.tgz",
      "integrity": "sha1-00dbjAPtmCQqJbSDUasYOZ01gKk=",
      "dev": true,
      "requires": {
        "babel-helper-get-function-arity": "^6.24.1",
        "babel-runtime": "^6.22.0",
        "babel-template": "^6.24.1",
        "babel-traverse": "^6.24.1",
        "babel-types": "^6.24.1"
      }
    },
    "babel-helper-get-function-arity": {
      "version": "6.24.1",
      "resolved": "https://registry.npmjs.org/babel-helper-get-function-arity/-/babel-helper-get-function-arity-6.24.1.tgz",
      "integrity": "sha1-j3eCqpNAfEHTqlCQj4mwMbG2hT0=",
      "dev": true,
      "requires": {
        "babel-runtime": "^6.22.0",
        "babel-types": "^6.24.1"
      }
    },
    "babel-helper-hoist-variables": {
      "version": "6.24.1",
      "resolved": "https://registry.npmjs.org/babel-helper-hoist-variables/-/babel-helper-hoist-variables-6.24.1.tgz",
      "integrity": "sha1-HssnaJydJVE+rbyZFKc/VAi+enY=",
      "dev": true,
      "requires": {
        "babel-runtime": "^6.22.0",
        "babel-types": "^6.24.1"
      }
    },
    "babel-helper-optimise-call-expression": {
      "version": "6.24.1",
      "resolved": "https://registry.npmjs.org/babel-helper-optimise-call-expression/-/babel-helper-optimise-call-expression-6.24.1.tgz",
      "integrity": "sha1-96E0J7qfc/j0+pk8VKl4gtEkQlc=",
      "dev": true,
      "requires": {
        "babel-runtime": "^6.22.0",
        "babel-types": "^6.24.1"
      }
    },
    "babel-helper-regex": {
      "version": "6.26.0",
      "resolved": "https://registry.npmjs.org/babel-helper-regex/-/babel-helper-regex-6.26.0.tgz",
      "integrity": "sha1-MlxZ+QL4LyS3T6zu0DY5VPZJXnI=",
      "dev": true,
      "requires": {
        "babel-runtime": "^6.26.0",
        "babel-types": "^6.26.0",
        "lodash": "^4.17.4"
      }
    },
    "babel-helper-remap-async-to-generator": {
      "version": "6.24.1",
      "resolved": "https://registry.npmjs.org/babel-helper-remap-async-to-generator/-/babel-helper-remap-async-to-generator-6.24.1.tgz",
      "integrity": "sha1-XsWBgnrXI/7N04HxySg5BnbkVRs=",
      "dev": true,
      "requires": {
        "babel-helper-function-name": "^6.24.1",
        "babel-runtime": "^6.22.0",
        "babel-template": "^6.24.1",
        "babel-traverse": "^6.24.1",
        "babel-types": "^6.24.1"
      }
    },
    "babel-helper-replace-supers": {
      "version": "6.24.1",
      "resolved": "https://registry.npmjs.org/babel-helper-replace-supers/-/babel-helper-replace-supers-6.24.1.tgz",
      "integrity": "sha1-v22/5Dk40XNpohPKiov3S2qQqxo=",
      "dev": true,
      "requires": {
        "babel-helper-optimise-call-expression": "^6.24.1",
        "babel-messages": "^6.23.0",
        "babel-runtime": "^6.22.0",
        "babel-template": "^6.24.1",
        "babel-traverse": "^6.24.1",
        "babel-types": "^6.24.1"
      }
    },
    "babel-helpers": {
      "version": "6.24.1",
      "resolved": "https://registry.npmjs.org/babel-helpers/-/babel-helpers-6.24.1.tgz",
      "integrity": "sha1-NHHenK7DiOXIUOWX5Yom3fN2ArI=",
      "dev": true,
      "requires": {
        "babel-runtime": "^6.22.0",
        "babel-template": "^6.24.1"
      }
    },
    "babel-loader": {
      "version": "6.4.1",
      "resolved": "https://registry.npmjs.org/babel-loader/-/babel-loader-6.4.1.tgz",
      "integrity": "sha1-CzQRLVsHSKjc2/Uaz2+b1C1QuMo=",
      "dev": true,
      "requires": {
        "find-cache-dir": "^0.1.1",
        "loader-utils": "^0.2.16",
        "mkdirp": "^0.5.1",
        "object-assign": "^4.0.1"
      }
    },
    "babel-messages": {
      "version": "6.23.0",
      "resolved": "https://registry.npmjs.org/babel-messages/-/babel-messages-6.23.0.tgz",
      "integrity": "sha1-8830cDhYA1sqKVHG7F7fbGLyYw4=",
      "dev": true,
      "requires": {
        "babel-runtime": "^6.22.0"
      }
    },
    "babel-plugin-check-es2015-constants": {
      "version": "6.22.0",
      "resolved": "https://registry.npmjs.org/babel-plugin-check-es2015-constants/-/babel-plugin-check-es2015-constants-6.22.0.tgz",
      "integrity": "sha1-NRV7EBQm/S/9PaP3XH0ekYNbv4o=",
      "dev": true,
      "requires": {
        "babel-runtime": "^6.22.0"
      }
    },
    "babel-plugin-syntax-async-functions": {
      "version": "6.13.0",
      "resolved": "https://registry.npmjs.org/babel-plugin-syntax-async-functions/-/babel-plugin-syntax-async-functions-6.13.0.tgz",
      "integrity": "sha1-ytnK0RkbWtY0vzCuCHI5HgZHvpU=",
      "dev": true
    },
    "babel-plugin-syntax-async-generators": {
      "version": "6.13.0",
      "resolved": "https://registry.npmjs.org/babel-plugin-syntax-async-generators/-/babel-plugin-syntax-async-generators-6.13.0.tgz",
      "integrity": "sha1-a8lj67FuzLrmuStZbrfzXDQqi5o=",
      "dev": true
    },
    "babel-plugin-syntax-class-properties": {
      "version": "6.13.0",
      "resolved": "https://registry.npmjs.org/babel-plugin-syntax-class-properties/-/babel-plugin-syntax-class-properties-6.13.0.tgz",
      "integrity": "sha1-1+sjt5oxf4VDlixQW4J8fWysJ94=",
      "dev": true
    },
    "babel-plugin-syntax-decorators": {
      "version": "6.13.0",
      "resolved": "https://registry.npmjs.org/babel-plugin-syntax-decorators/-/babel-plugin-syntax-decorators-6.13.0.tgz",
      "integrity": "sha1-MSVjtNvePMgGzuPkFszurd0RrAs=",
      "dev": true
    },
    "babel-plugin-syntax-dynamic-import": {
      "version": "6.18.0",
      "resolved": "https://registry.npmjs.org/babel-plugin-syntax-dynamic-import/-/babel-plugin-syntax-dynamic-import-6.18.0.tgz",
      "integrity": "sha1-jWomIpyDdFqZgqRBBRVyyqF5sdo=",
      "dev": true
    },
    "babel-plugin-syntax-exponentiation-operator": {
      "version": "6.13.0",
      "resolved": "https://registry.npmjs.org/babel-plugin-syntax-exponentiation-operator/-/babel-plugin-syntax-exponentiation-operator-6.13.0.tgz",
      "integrity": "sha1-nufoM3KQ2pUoggGmpX9BcDF4MN4=",
      "dev": true
    },
    "babel-plugin-syntax-object-rest-spread": {
      "version": "6.13.0",
      "resolved": "https://registry.npmjs.org/babel-plugin-syntax-object-rest-spread/-/babel-plugin-syntax-object-rest-spread-6.13.0.tgz",
      "integrity": "sha1-/WU28rzhODb/o6VFjEkDpZe7O/U=",
      "dev": true
    },
    "babel-plugin-syntax-trailing-function-commas": {
      "version": "6.22.0",
      "resolved": "https://registry.npmjs.org/babel-plugin-syntax-trailing-function-commas/-/babel-plugin-syntax-trailing-function-commas-6.22.0.tgz",
      "integrity": "sha1-ugNgk3+NBuQBgKQ/4NVhb/9TLPM=",
      "dev": true
    },
    "babel-plugin-transform-async-generator-functions": {
      "version": "6.24.1",
      "resolved": "https://registry.npmjs.org/babel-plugin-transform-async-generator-functions/-/babel-plugin-transform-async-generator-functions-6.24.1.tgz",
      "integrity": "sha1-8FiQAUX9PpkHpt3yjaWfIVJYpds=",
      "dev": true,
      "requires": {
        "babel-helper-remap-async-to-generator": "^6.24.1",
        "babel-plugin-syntax-async-generators": "^6.5.0",
        "babel-runtime": "^6.22.0"
      }
    },
    "babel-plugin-transform-async-to-generator": {
      "version": "6.24.1",
      "resolved": "https://registry.npmjs.org/babel-plugin-transform-async-to-generator/-/babel-plugin-transform-async-to-generator-6.24.1.tgz",
      "integrity": "sha1-ZTbjeK/2yx1VF6wOQOs+n8jQh2E=",
      "dev": true,
      "requires": {
        "babel-helper-remap-async-to-generator": "^6.24.1",
        "babel-plugin-syntax-async-functions": "^6.8.0",
        "babel-runtime": "^6.22.0"
      }
    },
    "babel-plugin-transform-class-properties": {
      "version": "6.24.1",
      "resolved": "https://registry.npmjs.org/babel-plugin-transform-class-properties/-/babel-plugin-transform-class-properties-6.24.1.tgz",
      "integrity": "sha1-anl2PqYdM9NvN7YRqp3vgagbRqw=",
      "dev": true,
      "requires": {
        "babel-helper-function-name": "^6.24.1",
        "babel-plugin-syntax-class-properties": "^6.8.0",
        "babel-runtime": "^6.22.0",
        "babel-template": "^6.24.1"
      }
    },
    "babel-plugin-transform-decorators": {
      "version": "6.24.1",
      "resolved": "https://registry.npmjs.org/babel-plugin-transform-decorators/-/babel-plugin-transform-decorators-6.24.1.tgz",
      "integrity": "sha1-eIAT2PjGtSIr33s0Q5Df13Vp4k0=",
      "dev": true,
      "requires": {
        "babel-helper-explode-class": "^6.24.1",
        "babel-plugin-syntax-decorators": "^6.13.0",
        "babel-runtime": "^6.22.0",
        "babel-template": "^6.24.1",
        "babel-types": "^6.24.1"
      }
    },
    "babel-plugin-transform-es2015-arrow-functions": {
      "version": "6.22.0",
      "resolved": "https://registry.npmjs.org/babel-plugin-transform-es2015-arrow-functions/-/babel-plugin-transform-es2015-arrow-functions-6.22.0.tgz",
      "integrity": "sha1-RSaSy3EdX3ncf4XkQM5BufJE0iE=",
      "dev": true,
      "requires": {
        "babel-runtime": "^6.22.0"
      }
    },
    "babel-plugin-transform-es2015-block-scoped-functions": {
      "version": "6.22.0",
      "resolved": "https://registry.npmjs.org/babel-plugin-transform-es2015-block-scoped-functions/-/babel-plugin-transform-es2015-block-scoped-functions-6.22.0.tgz",
      "integrity": "sha1-u8UbSflk1wy42OC5ToICRs46YUE=",
      "dev": true,
      "requires": {
        "babel-runtime": "^6.22.0"
      }
    },
    "babel-plugin-transform-es2015-block-scoping": {
      "version": "6.26.0",
      "resolved": "https://registry.npmjs.org/babel-plugin-transform-es2015-block-scoping/-/babel-plugin-transform-es2015-block-scoping-6.26.0.tgz",
      "integrity": "sha1-1w9SmcEwjQXBL0Y4E7CgnnOxiV8=",
      "dev": true,
      "requires": {
        "babel-runtime": "^6.26.0",
        "babel-template": "^6.26.0",
        "babel-traverse": "^6.26.0",
        "babel-types": "^6.26.0",
        "lodash": "^4.17.4"
      }
    },
    "babel-plugin-transform-es2015-classes": {
      "version": "6.24.1",
      "resolved": "https://registry.npmjs.org/babel-plugin-transform-es2015-classes/-/babel-plugin-transform-es2015-classes-6.24.1.tgz",
      "integrity": "sha1-WkxYpQyclGHlZLSyo7+ryXolhNs=",
      "dev": true,
      "requires": {
        "babel-helper-define-map": "^6.24.1",
        "babel-helper-function-name": "^6.24.1",
        "babel-helper-optimise-call-expression": "^6.24.1",
        "babel-helper-replace-supers": "^6.24.1",
        "babel-messages": "^6.23.0",
        "babel-runtime": "^6.22.0",
        "babel-template": "^6.24.1",
        "babel-traverse": "^6.24.1",
        "babel-types": "^6.24.1"
      }
    },
    "babel-plugin-transform-es2015-computed-properties": {
      "version": "6.24.1",
      "resolved": "https://registry.npmjs.org/babel-plugin-transform-es2015-computed-properties/-/babel-plugin-transform-es2015-computed-properties-6.24.1.tgz",
      "integrity": "sha1-b+Ko0WiV1WNPTNmZttNICjCBWbM=",
      "dev": true,
      "requires": {
        "babel-runtime": "^6.22.0",
        "babel-template": "^6.24.1"
      }
    },
    "babel-plugin-transform-es2015-destructuring": {
      "version": "6.23.0",
      "resolved": "https://registry.npmjs.org/babel-plugin-transform-es2015-destructuring/-/babel-plugin-transform-es2015-destructuring-6.23.0.tgz",
      "integrity": "sha1-mXux8auWf2gtKwh2/jWNYOdlxW0=",
      "dev": true,
      "requires": {
        "babel-runtime": "^6.22.0"
      }
    },
    "babel-plugin-transform-es2015-duplicate-keys": {
      "version": "6.24.1",
      "resolved": "https://registry.npmjs.org/babel-plugin-transform-es2015-duplicate-keys/-/babel-plugin-transform-es2015-duplicate-keys-6.24.1.tgz",
      "integrity": "sha1-c+s9MQypaePvnskcU3QabxV2Qj4=",
      "dev": true,
      "requires": {
        "babel-runtime": "^6.22.0",
        "babel-types": "^6.24.1"
      }
    },
    "babel-plugin-transform-es2015-for-of": {
      "version": "6.23.0",
      "resolved": "https://registry.npmjs.org/babel-plugin-transform-es2015-for-of/-/babel-plugin-transform-es2015-for-of-6.23.0.tgz",
      "integrity": "sha1-9HyVsrYT3x0+zC/bdXNiPHUkhpE=",
      "dev": true,
      "requires": {
        "babel-runtime": "^6.22.0"
      }
    },
    "babel-plugin-transform-es2015-function-name": {
      "version": "6.24.1",
      "resolved": "https://registry.npmjs.org/babel-plugin-transform-es2015-function-name/-/babel-plugin-transform-es2015-function-name-6.24.1.tgz",
      "integrity": "sha1-g0yJhTvDaxrw86TF26qU/Y6sqos=",
      "dev": true,
      "requires": {
        "babel-helper-function-name": "^6.24.1",
        "babel-runtime": "^6.22.0",
        "babel-types": "^6.24.1"
      }
    },
    "babel-plugin-transform-es2015-literals": {
      "version": "6.22.0",
      "resolved": "https://registry.npmjs.org/babel-plugin-transform-es2015-literals/-/babel-plugin-transform-es2015-literals-6.22.0.tgz",
      "integrity": "sha1-T1SgLWzWbPkVKAAZox0xklN3yi4=",
      "dev": true,
      "requires": {
        "babel-runtime": "^6.22.0"
      }
    },
    "babel-plugin-transform-es2015-modules-amd": {
      "version": "6.24.1",
      "resolved": "https://registry.npmjs.org/babel-plugin-transform-es2015-modules-amd/-/babel-plugin-transform-es2015-modules-amd-6.24.1.tgz",
      "integrity": "sha1-Oz5UAXI5hC1tGcMBHEvS8AoA0VQ=",
      "dev": true,
      "requires": {